// !$*UTF8*$!
{
	archiveVersion = 1;
	classes = {
	};
	objectVersion = 56;
	objects = {

/* Begin PBXBuildFile section */
		A00000000000000000000071 /* DockVisibilityController.swift in Sources */ = {isa = PBXBuildFile; fileRef = A00000000000000000000073 /* DockVisibilityController.swift */; };
		A00000000000000000000072 /* SessionActionButtonLabel.swift in Sources */ = {isa = PBXBuildFile; fileRef = A00000000000000000000074 /* SessionActionButtonLabel.swift */; };
		A00000000000000000000076 /* AppLocalization.swift in Sources */ = {isa = PBXBuildFile; fileRef = A00000000000000000000077 /* AppLocalization.swift */; };
		A00000000000000000000062 /* Assets.xcassets in Resources */ = {isa = PBXBuildFile; fileRef = A00000000000000000000070 /* Assets.xcassets */; };
		A00000000000000000000050 /* AppDelegate.swift in Sources */ = {isa = PBXBuildFile; fileRef = A00000000000000000000030 /* AppDelegate.swift */; };
		A00000000000000000000051 /* AppModel.swift in Sources */ = {isa = PBXBuildFile; fileRef = A00000000000000000000031 /* AppModel.swift */; };
		A00000000000000000000052 /* V2SApp.swift in Sources */ = {isa = PBXBuildFile; fileRef = A00000000000000000000032 /* V2SApp.swift */; };
		A00000000000000000000053 /* AppSettings.swift in Sources */ = {isa = PBXBuildFile; fileRef = A00000000000000000000033 /* AppSettings.swift */; };
		A00000000000000000000054 /* InputSource.swift in Sources */ = {isa = PBXBuildFile; fileRef = A00000000000000000000034 /* InputSource.swift */; };
		A00000000000000000000055 /* LanguageOption.swift in Sources */ = {isa = PBXBuildFile; fileRef = A00000000000000000000035 /* LanguageOption.swift */; };
		A00000000000000000000056 /* OverlayPreviewState.swift in Sources */ = {isa = PBXBuildFile; fileRef = A00000000000000000000036 /* OverlayPreviewState.swift */; };
		A00000000000000000000057 /* OverlayStyle.swift in Sources */ = {isa = PBXBuildFile; fileRef = A00000000000000000000037 /* OverlayStyle.swift */; };
		A00000000000000000000083 /* SubtitleDisplayMode.swift in Sources */ = {isa = PBXBuildFile; fileRef = A00000000000000000000084 /* SubtitleDisplayMode.swift */; };
		A00000000000000000000058 /* SessionState.swift in Sources */ = {isa = PBXBuildFile; fileRef = A00000000000000000000038 /* SessionState.swift */; };
		A00000000000000000000059 /* SettingsStore.swift in Sources */ = {isa = PBXBuildFile; fileRef = A00000000000000000000039 /* SettingsStore.swift */; };
		A0000000000000000000005A /* SourceCatalogService.swift in Sources */ = {isa = PBXBuildFile; fileRef = A0000000000000000000003A /* SourceCatalogService.swift */; };
		A0000000000000000000005B /* OverlayView.swift in Sources */ = {isa = PBXBuildFile; fileRef = A0000000000000000000003B /* OverlayView.swift */; };
		A0000000000000000000005C /* OverlayWindowController.swift in Sources */ = {isa = PBXBuildFile; fileRef = A0000000000000000000003C /* OverlayWindowController.swift */; };
		A0000000000000000000005D /* SettingsView.swift in Sources */ = {isa = PBXBuildFile; fileRef = A0000000000000000000003D /* SettingsView.swift */; };
		A0000000000000000000005E /* SettingsWindowController.swift in Sources */ = {isa = PBXBuildFile; fileRef = A0000000000000000000003E /* SettingsWindowController.swift */; };
		A0000000000000000000005F /* StatusBarController.swift in Sources */ = {isa = PBXBuildFile; fileRef = A0000000000000000000003F /* StatusBarController.swift */; };
		A00000000000000000000060 /* StatusBarPopoverView.swift in Sources */ = {isa = PBXBuildFile; fileRef = A00000000000000000000040 /* StatusBarPopoverView.swift */; };
		A00000000000000000000061 /* LiveTranscriptionSession.swift in Sources */ = {isa = PBXBuildFile; fileRef = A00000000000000000000041 /* LiveTranscriptionSession.swift */; };
		A00000000000000000000063 /* ModeConfig.swift in Sources */ = {isa = PBXBuildFile; fileRef = A00000000000000000000042 /* ModeConfig.swift */; };
		A00000000000000000000064 /* SegmentStateMachine.swift in Sources */ = {isa = PBXBuildFile; fileRef = A00000000000000000000043 /* SegmentStateMachine.swift */; };
		A00000000000000000000065 /* SubtitleSegment.swift in Sources */ = {isa = PBXBuildFile; fileRef = A00000000000000000000044 /* SubtitleSegment.swift */; };
		A00000000000000000000067 /* GlossaryService.swift in Sources */ = {isa = PBXBuildFile; fileRef = A00000000000000000000046 /* GlossaryService.swift */; };
		A00000000000000000000079 /* TranscriptView.swift in Sources */ = {isa = PBXBuildFile; fileRef = A0000000000000000000007A /* TranscriptView.swift */; };
		A0000000000000000000007B /* SileroVADEngine.swift in Sources */ = {isa = PBXBuildFile; fileRef = A0000000000000000000007C /* SileroVADEngine.swift */; };
		A0000000000000000000007D /* onnxruntime in Frameworks */ = {isa = PBXBuildFile; productRef = A0000000000000000000007F /* onnxruntime */; };
		A00000000000000000000080 /* silero_vad.onnx in Resources */ = {isa = PBXBuildFile; fileRef = A00000000000000000000081 /* silero_vad.onnx */; };
		A00000000000000000000086 /* UpdaterService.swift in Sources */ = {isa = PBXBuildFile; fileRef = A00000000000000000000085 /* UpdaterService.swift */; };
		A00000000000000000000089 /* Sparkle in Frameworks */ = {isa = PBXBuildFile; productRef = A00000000000000000000088 /* Sparkle */; };
		A0000000000000000000008A /* SileroVADHysteresis.swift in Sources */ = {isa = PBXBuildFile; fileRef = A0000000000000000000008B /* SileroVADHysteresis.swift */; };
		A0000000000000000000008C /* QuickSettingsControls.swift in Sources */ = {isa = PBXBuildFile; fileRef = A0000000000000000000008D /* QuickSettingsControls.swift */; };
		A0000000000000000000008E /* PopoverOutsideClickMonitor.swift in Sources */ = {isa = PBXBuildFile; fileRef = A0000000000000000000008F /* PopoverOutsideClickMonitor.swift */; };
		A00000000000000000000090 /* SentenceBoundaryHeuristics.swift in Sources */ = {isa = PBXBuildFile; fileRef = A00000000000000000000091 /* SentenceBoundaryHeuristics.swift */; };
		A00000000000000000000092 /* ModelResource.swift in Sources */ = {isa = PBXBuildFile; fileRef = A00000000000000000000093 /* ModelResource.swift */; };
		78CC3080FA114C5E683DFB1A /* SessionLifecycle.swift in Sources */ = {isa = PBXBuildFile; fileRef = 1E88598656FA50EB646DF57C /* SessionLifecycle.swift */; };
		32D6505E3F4D621671A5AADD /* TranscriptStore.swift in Sources */ = {isa = PBXBuildFile; fileRef = 67970C664F8CE8D33D78092D /* TranscriptStore.swift */; };
		020CD62BB830621AD754EA3D /* TranslationCoordinator.swift in Sources */ = {isa = PBXBuildFile; fileRef = C2807AE075EDA2F4BEAB71D6 /* TranslationCoordinator.swift */; };
		0B14875AE1DCF73A401E197A /* AppModel+Resources.swift in Sources */ = {isa = PBXBuildFile; fileRef = 3823ED37F19820C205AF210F /* AppModel+Resources.swift */; };
		802AECB3266DCE2B2E225302 /* ResourcePreparationCoordinator.swift in Sources */ = {isa = PBXBuildFile; fileRef = 4D6367E2BE9F22476466B927 /* ResourcePreparationCoordinator.swift */; };
		534AA25808E93EDF243D4A8D /* SourceDraftStore.swift in Sources */ = {isa = PBXBuildFile; fileRef = C766CD98DAA1CDE028D0FDC1 /* SourceDraftStore.swift */; };
		3208EFF3F3042040160D9BD8 /* TranscriptSummarizer.swift in Sources */ = {isa = PBXBuildFile; fileRef = 5E1300A580549EDD119C5280 /* TranscriptSummarizer.swift */; };
		34BE774F2EFF7ED8C66797EF /* AppLocalizationTests.swift in Sources */ = {isa = PBXBuildFile; fileRef = B1BBA6F208E541753725B259; };
		847E1CDCDA64D5E97FD6162B /* AppSettingsTests.swift in Sources */ = {isa = PBXBuildFile; fileRef = 7A28C31EA693E0C51C0B9D31; };
		A5A5E3166C468D40D0347822 /* CaptionPipelineTests.swift in Sources */ = {isa = PBXBuildFile; fileRef = BF619CF56C1FDFDD4CDECF84; };
		D51BD1F0416E1EF8690B7BF0 /* LanguageCatalogTests.swift in Sources */ = {isa = PBXBuildFile; fileRef = 5DBC3DCA29D46BD7EC85FA54; };
		53A7F709474B0B8AE6E7D5BF /* ModelResourceTests.swift in Sources */ = {isa = PBXBuildFile; fileRef = 06237F9993EA4A283F95E197; };
		A4CFED78C65923BCCA050598 /* OverlayPreviewStateTests.swift in Sources */ = {isa = PBXBuildFile; fileRef = AA1E18BCEBFA334D7FC5C0DD; };
		3CA31561D3DB1951C0CB647B /* ResourcePreparationCoordinatorTests.swift in Sources */ = {isa = PBXBuildFile; fileRef = DA482CB0AAB67BCE3736C733; };
		1F4848EE79055D008CEB8FBD /* SentenceBoundaryHeuristicsTests.swift in Sources */ = {isa = PBXBuildFile; fileRef = 677645E503C8BFD774B34CE0; };
		0933B9DD9743AD8D50E7A481 /* SessionLifecycleTests.swift in Sources */ = {isa = PBXBuildFile; fileRef = 9CDD2B27DA5D8BBA7DC39857; };
		10029AA0738777CE4DA86E10 /* SettingsStoreTests.swift in Sources */ = {isa = PBXBuildFile; fileRef = B00EE91BA0EEA0D04C3828B0; };
		A9C62C132123B91BEB05C050 /* SourceDraftStoreTests.swift in Sources */ = {isa = PBXBuildFile; fileRef = 1538340D403B9A42953D835B; };
		7650C90A616369E68F223C66 /* TranscriptStoreTests.swift in Sources */ = {isa = PBXBuildFile; fileRef = CE4E5619AF07E7C23623331E; };
		D0B44049055699740E46C0E8 /* TranscriptSummarizerTests.swift in Sources */ = {isa = PBXBuildFile; fileRef = 22F8DB49198E70B08C6FEE9F; };
		1D25DE019D62EDBBAE87D6D1 /* TranslationCoordinatorTests.swift in Sources */ = {isa = PBXBuildFile; fileRef = B1C3BAFD9414FED16EEE1A18; };
		3FE039A9BE067638D4092C94 /* Sparkle in Test Frameworks */ = {isa = PBXBuildFile; productRef = A00000000000000000000088; };
		6CC7CD8C7A22BAB571C88532 /* ApplicationAudioCapture.swift in Sources */ = {isa = PBXBuildFile; fileRef = AA84035E9A819ACA375DEE43 /* ApplicationAudioCapture.swift */; };
		881745A928A12DA2BF5CD902 /* ApplicationProcessAssociation.swift in Sources */ = {isa = PBXBuildFile; fileRef = 26F64AB5E68C49E0F28E33CF /* ApplicationProcessAssociation.swift */; };
/* End PBXBuildFile section */

/* Begin PBXFileReference section */
		A00000000000000000000070 /* Assets.xcassets */ = {isa = PBXFileReference; lastKnownFileType = folder.assetcatalog; path = Assets.xcassets; sourceTree = "<group>"; };
		A00000000000000000000073 /* DockVisibilityController.swift */ = {isa = PBXFileReference; lastKnownFileType = sourcecode.swift; path = DockVisibilityController.swift; sourceTree = "<group>"; };
		A00000000000000000000074 /* SessionActionButtonLabel.swift */ = {isa = PBXFileReference; lastKnownFileType = sourcecode.swift; path = SessionActionButtonLabel.swift; sourceTree = "<group>"; };
		A00000000000000000000077 /* AppLocalization.swift */ = {isa = PBXFileReference; lastKnownFileType = sourcecode.swift; path = AppLocalization.swift; sourceTree = "<group>"; };
		A0000000000000000000000A /* v2s.app */ = {isa = PBXFileReference; explicitFileType = wrapper.application; includeInIndex = 0; path = v2s.app; sourceTree = BUILT_PRODUCTS_DIR; };
		A00000000000000000000015 /* Info.plist */ = {isa = PBXFileReference; lastKnownFileType = text.plist.xml; path = Info.plist; sourceTree = "<group>"; };
		A00000000000000000000030 /* AppDelegate.swift */ = {isa = PBXFileReference; lastKnownFileType = sourcecode.swift; path = AppDelegate.swift; sourceTree = "<group>"; };
		A00000000000000000000031 /* AppModel.swift */ = {isa = PBXFileReference; lastKnownFileType = sourcecode.swift; path = AppModel.swift; sourceTree = "<group>"; };
		A00000000000000000000032 /* V2SApp.swift */ = {isa = PBXFileReference; lastKnownFileType = sourcecode.swift; path = V2SApp.swift; sourceTree = "<group>"; };
		A00000000000000000000033 /* AppSettings.swift */ = {isa = PBXFileReference; lastKnownFileType = sourcecode.swift; path = AppSettings.swift; sourceTree = "<group>"; };
		A00000000000000000000034 /* InputSource.swift */ = {isa = PBXFileReference; lastKnownFileType = sourcecode.swift; path = InputSource.swift; sourceTree = "<group>"; };
		A00000000000000000000035 /* LanguageOption.swift */ = {isa = PBXFileReference; lastKnownFileType = sourcecode.swift; path = LanguageOption.swift; sourceTree = "<group>"; };
		A00000000000000000000036 /* OverlayPreviewState.swift */ = {isa = PBXFileReference; lastKnownFileType = sourcecode.swift; path = OverlayPreviewState.swift; sourceTree = "<group>"; };
		A00000000000000000000037 /* OverlayStyle.swift */ = {isa = PBXFileReference; lastKnownFileType = sourcecode.swift; path = OverlayStyle.swift; sourceTree = "<group>"; };
		A00000000000000000000084 /* SubtitleDisplayMode.swift */ = {isa = PBXFileReference; lastKnownFileType = sourcecode.swift; path = SubtitleDisplayMode.swift; sourceTree = "<group>"; };
		A00000000000000000000038 /* SessionState.swift */ = {isa = PBXFileReference; lastKnownFileType = sourcecode.swift; path = SessionState.swift; sourceTree = "<group>"; };
		A00000000000000000000039 /* SettingsStore.swift */ = {isa = PBXFileReference; lastKnownFileType = sourcecode.swift; path = SettingsStore.swift; sourceTree = "<group>"; };
		A0000000000000000000003A /* SourceCatalogService.swift */ = {isa = PBXFileReference; lastKnownFileType = sourcecode.swift; path = SourceCatalogService.swift; sourceTree = "<group>"; };
		A0000000000000000000003B /* OverlayView.swift */ = {isa = PBXFileReference; lastKnownFileType = sourcecode.swift; path = OverlayView.swift; sourceTree = "<group>"; };
		A0000000000000000000003C /* OverlayWindowController.swift */ = {isa = PBXFileReference; lastKnownFileType = sourcecode.swift; path = OverlayWindowController.swift; sourceTree = "<group>"; };
		A0000000000000000000003D /* SettingsView.swift */ = {isa = PBXFileReference; lastKnownFileType = sourcecode.swift; path = SettingsView.swift; sourceTree = "<group>"; };
		A0000000000000000000003E /* SettingsWindowController.swift */ = {isa = PBXFileReference; lastKnownFileType = sourcecode.swift; path = SettingsWindowController.swift; sourceTree = "<group>"; };
		A0000000000000000000003F /* StatusBarController.swift */ = {isa = PBXFileReference; lastKnownFileType = sourcecode.swift; path = StatusBarController.swift; sourceTree = "<group>"; };
		A00000000000000000000040 /* StatusBarPopoverView.swift */ = {isa = PBXFileReference; lastKnownFileType = sourcecode.swift; path = StatusBarPopoverView.swift; sourceTree = "<group>"; };
		A00000000000000000000041 /* LiveTranscriptionSession.swift */ = {isa = PBXFileReference; lastKnownFileType = sourcecode.swift; path = LiveTranscriptionSession.swift; sourceTree = "<group>"; };
		A00000000000000000000042 /* ModeConfig.swift */ = {isa = PBXFileReference; lastKnownFileType = sourcecode.swift; path = ModeConfig.swift; sourceTree = "<group>"; };
		A00000000000000000000043 /* SegmentStateMachine.swift */ = {isa = PBXFileReference; lastKnownFileType = sourcecode.swift; path = SegmentStateMachine.swift; sourceTree = "<group>"; };
		A00000000000000000000044 /* SubtitleSegment.swift */ = {isa = PBXFileReference; lastKnownFileType = sourcecode.swift; path = SubtitleSegment.swift; sourceTree = "<group>"; };
		A00000000000000000000046 /* GlossaryService.swift */ = {isa = PBXFileReference; lastKnownFileType = sourcecode.swift; path = GlossaryService.swift; sourceTree = "<group>"; };
		A0000000000000000000007A /* TranscriptView.swift */ = {isa = PBXFileReference; lastKnownFileType = sourcecode.swift; path = TranscriptView.swift; sourceTree = "<group>"; };
		A0000000000000000000007C /* SileroVADEngine.swift */ = {isa = PBXFileReference; lastKnownFileType = sourcecode.swift; path = SileroVADEngine.swift; sourceTree = "<group>"; };
		A00000000000000000000081 /* silero_vad.onnx */ = {isa = PBXFileReference; lastKnownFileType = file; path = silero_vad.onnx; sourceTree = "<group>"; };
		A00000000000000000000085 /* UpdaterService.swift */ = {isa = PBXFileReference; lastKnownFileType = sourcecode.swift; path = UpdaterService.swift; sourceTree = "<group>"; };
		A0000000000000000000008B /* SileroVADHysteresis.swift */ = {isa = PBXFileReference; lastKnownFileType = sourcecode.swift; path = SileroVADHysteresis.swift; sourceTree = "<group>"; };
		A0000000000000000000008D /* QuickSettingsControls.swift */ = {isa = PBXFileReference; lastKnownFileType = sourcecode.swift; path = QuickSettingsControls.swift; sourceTree = "<group>"; };
		A0000000000000000000008F /* PopoverOutsideClickMonitor.swift */ = {isa = PBXFileReference; lastKnownFileType = sourcecode.swift; path = PopoverOutsideClickMonitor.swift; sourceTree = "<group>"; };
		A00000000000000000000091 /* SentenceBoundaryHeuristics.swift */ = {isa = PBXFileReference; lastKnownFileType = sourcecode.swift; path = SentenceBoundaryHeuristics.swift; sourceTree = "<group>"; };
		A00000000000000000000093 /* ModelResource.swift */ = {isa = PBXFileReference; lastKnownFileType = sourcecode.swift; path = ModelResource.swift; sourceTree = "<group>"; };
		1E88598656FA50EB646DF57C /* SessionLifecycle.swift */ = {isa = PBXFileReference; lastKnownFileType = sourcecode.swift; path = "Sources/V2SApp/Services/SessionLifecycle.swift"; sourceTree = SOURCE_ROOT; };
		67970C664F8CE8D33D78092D /* TranscriptStore.swift */ = {isa = PBXFileReference; lastKnownFileType = sourcecode.swift; path = "Sources/V2SApp/Services/TranscriptStore.swift"; sourceTree = SOURCE_ROOT; };
		C2807AE075EDA2F4BEAB71D6 /* TranslationCoordinator.swift */ = {isa = PBXFileReference; lastKnownFileType = sourcecode.swift; path = "Sources/V2SApp/Services/TranslationCoordinator.swift"; sourceTree = SOURCE_ROOT; };
		3823ED37F19820C205AF210F /* AppModel+Resources.swift */ = {isa = PBXFileReference; lastKnownFileType = sourcecode.swift; path = "Sources/V2SApp/App/AppModel+Resources.swift"; sourceTree = SOURCE_ROOT; };
		4D6367E2BE9F22476466B927 /* ResourcePreparationCoordinator.swift */ = {isa = PBXFileReference; lastKnownFileType = sourcecode.swift; path = "Sources/V2SApp/Services/ResourcePreparationCoordinator.swift"; sourceTree = SOURCE_ROOT; };
		C766CD98DAA1CDE028D0FDC1 /* SourceDraftStore.swift */ = {isa = PBXFileReference; lastKnownFileType = sourcecode.swift; path = "Sources/V2SApp/Services/SourceDraftStore.swift"; sourceTree = SOURCE_ROOT; };
		5E1300A580549EDD119C5280 /* TranscriptSummarizer.swift */ = {isa = PBXFileReference; lastKnownFileType = sourcecode.swift; path = "Sources/V2SApp/Services/TranscriptSummarizer.swift"; sourceTree = SOURCE_ROOT; };
		B1BBA6F208E541753725B259 /* AppLocalizationTests.swift */ = {isa = PBXFileReference; lastKnownFileType = sourcecode.swift; path = "Tests/V2STests/AppLocalizationTests.swift"; sourceTree = SOURCE_ROOT; };
		7A28C31EA693E0C51C0B9D31 /* AppSettingsTests.swift */ = {isa = PBXFileReference; lastKnownFileType = sourcecode.swift; path = "Tests/V2STests/AppSettingsTests.swift"; sourceTree = SOURCE_ROOT; };
		BF619CF56C1FDFDD4CDECF84 /* CaptionPipelineTests.swift */ = {isa = PBXFileReference; lastKnownFileType = sourcecode.swift; path = "Tests/V2STests/CaptionPipelineTests.swift"; sourceTree = SOURCE_ROOT; };
		5DBC3DCA29D46BD7EC85FA54 /* LanguageCatalogTests.swift */ = {isa = PBXFileReference; lastKnownFileType = sourcecode.swift; path = "Tests/V2STests/LanguageCatalogTests.swift"; sourceTree = SOURCE_ROOT; };
		06237F9993EA4A283F95E197 /* ModelResourceTests.swift */ = {isa = PBXFileReference; lastKnownFileType = sourcecode.swift; path = "Tests/V2STests/ModelResourceTests.swift"; sourceTree = SOURCE_ROOT; };
		AA1E18BCEBFA334D7FC5C0DD /* OverlayPreviewStateTests.swift */ = {isa = PBXFileReference; lastKnownFileType = sourcecode.swift; path = "Tests/V2STests/OverlayPreviewStateTests.swift"; sourceTree = SOURCE_ROOT; };
		DA482CB0AAB67BCE3736C733 /* ResourcePreparationCoordinatorTests.swift */ = {isa = PBXFileReference; lastKnownFileType = sourcecode.swift; path = "Tests/V2STests/ResourcePreparationCoordinatorTests.swift"; sourceTree = SOURCE_ROOT; };
		677645E503C8BFD774B34CE0 /* SentenceBoundaryHeuristicsTests.swift */ = {isa = PBXFileReference; lastKnownFileType = sourcecode.swift; path = "Tests/V2STests/SentenceBoundaryHeuristicsTests.swift"; sourceTree = SOURCE_ROOT; };
		9CDD2B27DA5D8BBA7DC39857 /* SessionLifecycleTests.swift */ = {isa = PBXFileReference; lastKnownFileType = sourcecode.swift; path = "Tests/V2STests/SessionLifecycleTests.swift"; sourceTree = SOURCE_ROOT; };
		B00EE91BA0EEA0D04C3828B0 /* SettingsStoreTests.swift */ = {isa = PBXFileReference; lastKnownFileType = sourcecode.swift; path = "Tests/V2STests/SettingsStoreTests.swift"; sourceTree = SOURCE_ROOT; };
		1538340D403B9A42953D835B /* SourceDraftStoreTests.swift */ = {isa = PBXFileReference; lastKnownFileType = sourcecode.swift; path = "Tests/V2STests/SourceDraftStoreTests.swift"; sourceTree = SOURCE_ROOT; };
		CE4E5619AF07E7C23623331E /* TranscriptStoreTests.swift */ = {isa = PBXFileReference; lastKnownFileType = sourcecode.swift; path = "Tests/V2STests/TranscriptStoreTests.swift"; sourceTree = SOURCE_ROOT; };
		22F8DB49198E70B08C6FEE9F /* TranscriptSummarizerTests.swift */ = {isa = PBXFileReference; lastKnownFileType = sourcecode.swift; path = "Tests/V2STests/TranscriptSummarizerTests.swift"; sourceTree = SOURCE_ROOT; };
		B1C3BAFD9414FED16EEE1A18 /* TranslationCoordinatorTests.swift */ = {isa = PBXFileReference; lastKnownFileType = sourcecode.swift; path = "Tests/V2STests/TranslationCoordinatorTests.swift"; sourceTree = SOURCE_ROOT; };
		A201F19B64374140CC5722AF /* v2sTests.xctest */ = {isa = PBXFileReference; explicitFileType = wrapper.cfbundle; path = v2sTests.xctest; sourceTree = BUILT_PRODUCTS_DIR; };
		AA84035E9A819ACA375DEE43 /* ApplicationAudioCapture.swift */ = {isa = PBXFileReference; lastKnownFileType = sourcecode.swift; path = "Sources/V2SApp/Services/ApplicationAudioCapture.swift"; sourceTree = SOURCE_ROOT; };
		26F64AB5E68C49E0F28E33CF /* ApplicationProcessAssociation.swift */ = {isa = PBXFileReference; lastKnownFileType = sourcecode.swift; path = "Sources/V2SApp/Services/ApplicationProcessAssociation.swift"; sourceTree = SOURCE_ROOT; };
/* End PBXFileReference section */

/* Begin PBXFrameworksBuildPhase section */
		A00000000000000000000008 /* Frameworks */ = {
			isa = PBXFrameworksBuildPhase;
			buildActionMask = 2147483647;
			files = (
				A0000000000000000000007D /* onnxruntime in Frameworks */,
				A00000000000000000000089 /* Sparkle in Frameworks */,
			);
			runOnlyForDeploymentPostprocessing = 0;
		};
		EF6B50C3ABB20FEC9E9DA38D /* Test Frameworks */ = {isa = PBXFrameworksBuildPhase; buildActionMask = 2147483647; files = (3FE039A9BE067638D4092C94,); runOnlyForDeploymentPostprocessing = 0; };
/* End PBXFrameworksBuildPhase section */

/* Begin PBXGroup section */
		A00000000000000000000002 = {
			isa = PBXGroup;
			children = (
				26F64AB5E68C49E0F28E33CF /* ApplicationProcessAssociation.swift */,
				AA84035E9A819ACA375DEE43 /* ApplicationAudioCapture.swift */,
				256162460E6ED51A35244724 /* Tests */,
				5E1300A580549EDD119C5280 /* TranscriptSummarizer.swift */,
				C766CD98DAA1CDE028D0FDC1 /* SourceDraftStore.swift */,
				4D6367E2BE9F22476466B927 /* ResourcePreparationCoordinator.swift */,
				3823ED37F19820C205AF210F /* AppModel+Resources.swift */,
				C2807AE075EDA2F4BEAB71D6 /* TranslationCoordinator.swift */,
				67970C664F8CE8D33D78092D /* TranscriptStore.swift */,
				1E88598656FA50EB646DF57C /* SessionLifecycle.swift */,
				A0000000000000000000000B /* Sources */,
				A00000000000000000000014 /* Config */,
				A00000000000000000000070 /* Assets.xcassets */,
				A00000000000000000000003 /* Products */,
			);
			sourceTree = "<group>";
		};
		A00000000000000000000003 /* Products */ = {
			isa = PBXGroup;
			children = (
				A201F19B64374140CC5722AF /* v2sTests.xctest */,
				A0000000000000000000000A /* v2s.app */,
			);
			name = Products;
			sourceTree = "<group>";
		};
		A0000000000000000000000B /* Sources */ = {
			isa = PBXGroup;
			children = (
				A0000000000000000000000C /* V2SApp */,
			);
			path = Sources;
			sourceTree = "<group>";
		};
		A0000000000000000000000C /* V2SApp */ = {
			isa = PBXGroup;
			children = (
				A0000000000000000000000D /* App */,
				A00000000000000000000078 /* Localization */,
				A0000000000000000000000E /* Models */,
				A00000000000000000000082 /* Resources */,
				A0000000000000000000000F /* Services */,
				A00000000000000000000010 /* UI */,
			);
			path = V2SApp;
			sourceTree = "<group>";
		};
		A0000000000000000000000D /* App */ = {
			isa = PBXGroup;
			children = (
				A00000000000000000000030 /* AppDelegate.swift */,
				A00000000000000000000031 /* AppModel.swift */,
				A00000000000000000000073 /* DockVisibilityController.swift */,
				A00000000000000000000032 /* V2SApp.swift */,
			);
			path = App;
			sourceTree = "<group>";
		};
		A00000000000000000000078 /* Localization */ = {
			isa = PBXGroup;
			children = (
				A00000000000000000000077 /* AppLocalization.swift */,
			);
			path = Localization;
			sourceTree = "<group>";
		};
		A00000000000000000000082 /* Resources */ = {
			isa = PBXGroup;
			children = (
				A00000000000000000000081 /* silero_vad.onnx */,
			);
			path = Resources;
			sourceTree = "<group>";
		};
		A0000000000000000000000E /* Models */ = {
			isa = PBXGroup;
			children = (
				A00000000000000000000033 /* AppSettings.swift */,
				A00000000000000000000034 /* InputSource.swift */,
				A00000000000000000000035 /* LanguageOption.swift */,
				A00000000000000000000093 /* ModelResource.swift */,
				A00000000000000000000042 /* ModeConfig.swift */,
				A00000000000000000000036 /* OverlayPreviewState.swift */,
				A00000000000000000000037 /* OverlayStyle.swift */,
				A00000000000000000000043 /* SegmentStateMachine.swift */,
				A00000000000000000000038 /* SessionState.swift */,
				A00000000000000000000084 /* SubtitleDisplayMode.swift */,
				A00000000000000000000044 /* SubtitleSegment.swift */,
			);
			path = Models;
			sourceTree = "<group>";
		};
		A0000000000000000000000F /* Services */ = {
			isa = PBXGroup;
			children = (
				A00000000000000000000046 /* GlossaryService.swift */,
				A00000000000000000000041 /* LiveTranscriptionSession.swift */,
				A00000000000000000000091 /* SentenceBoundaryHeuristics.swift */,
				A00000000000000000000039 /* SettingsStore.swift */,
				A0000000000000000000007C /* SileroVADEngine.swift */,
				A0000000000000000000008B /* SileroVADHysteresis.swift */,
				A0000000000000000000003A /* SourceCatalogService.swift */,
				A00000000000000000000085 /* UpdaterService.swift */,
			);
			path = Services;
			sourceTree = "<group>";
		};
		A00000000000000000000010 /* UI */ = {
			isa = PBXGroup;
			children = (
				A00000000000000000000011 /* Overlay */,
				A00000000000000000000075 /* Shared */,
				A00000000000000000000012 /* Settings */,
				A00000000000000000000013 /* StatusBar */,
			);
			path = UI;
			sourceTree = "<group>";
		};
		A00000000000000000000075 /* Shared */ = {
			isa = PBXGroup;
			children = (
				A0000000000000000000008D /* QuickSettingsControls.swift */,
				A00000000000000000000074 /* SessionActionButtonLabel.swift */,
			);
			path = Shared;
			sourceTree = "<group>";
		};
		A00000000000000000000011 /* Overlay */ = {
			isa = PBXGroup;
			children = (
				A0000000000000000000003B /* OverlayView.swift */,
				A0000000000000000000003C /* OverlayWindowController.swift */,
			);
			path = Overlay;
			sourceTree = "<group>";
		};
		A00000000000000000000012 /* Settings */ = {
			isa = PBXGroup;
			children = (
				A0000000000000000000003D /* SettingsView.swift */,
				A0000000000000000000003E /* SettingsWindowController.swift */,
				A0000000000000000000007A /* TranscriptView.swift */,
			);
			path = Settings;
			sourceTree = "<group>";
		};
		A00000000000000000000013 /* StatusBar */ = {
			isa = PBXGroup;
			children = (
				A0000000000000000000008F /* PopoverOutsideClickMonitor.swift */,
				A0000000000000000000003F /* StatusBarController.swift */,
				A00000000000000000000040 /* StatusBarPopoverView.swift */,
			);
			path = StatusBar;
			sourceTree = "<group>";
		};
		A00000000000000000000014 /* Config */ = {
			isa = PBXGroup;
			children = (
				A00000000000000000000015 /* Info.plist */,
			);
			path = Config;
			sourceTree = "<group>";
		};
		256162460E6ED51A35244724 /* Tests */ = {isa = PBXGroup; children = (B1BBA6F208E541753725B259, 7A28C31EA693E0C51C0B9D31, BF619CF56C1FDFDD4CDECF84, 5DBC3DCA29D46BD7EC85FA54, 06237F9993EA4A283F95E197, AA1E18BCEBFA334D7FC5C0DD, DA482CB0AAB67BCE3736C733, 677645E503C8BFD774B34CE0, 9CDD2B27DA5D8BBA7DC39857, B00EE91BA0EEA0D04C3828B0, 1538340D403B9A42953D835B, CE4E5619AF07E7C23623331E, 22F8DB49198E70B08C6FEE9F, B1C3BAFD9414FED16EEE1A18,); name = Tests; sourceTree = "<group>"; };
/* End PBXGroup section */

/* Begin PBXNativeTarget section */
		A00000000000000000000005 /* v2s */ = {
			isa = PBXNativeTarget;
			buildConfigurationList = A00000000000000000000006 /* Build configuration list for PBXNativeTarget "v2s" */;
			buildPhases = (
				A00000000000000000000007 /* Sources */,
				A00000000000000000000008 /* Frameworks */,
				A00000000000000000000009 /* Resources */,
			);
			buildRules = (
			);
			dependencies = (
			);
			name = v2s;
			packageProductDependencies = (
				A0000000000000000000007F /* onnxruntime */,
				A00000000000000000000088 /* Sparkle */,
			);
			productName = v2s;
			productReference = A0000000000000000000000A /* v2s.app */;
			productType = "com.apple.product-type.application";
		};
		8F692FEAE505382C06343536 /* v2sTests */ = {
            isa = PBXNativeTarget;
            buildConfigurationList = 9A84A9316A004D649446029E;
            buildPhases = (9E6E3BA411CFAF66F6D30BF9, EF6B50C3ABB20FEC9E9DA38D,);
            buildRules = ();
            dependencies = (5C783D31801F55F58B45210D,);
            name = v2sTests;
            packageProductDependencies = (A00000000000000000000088,);
            productName = v2sTests;
            productReference = A201F19B64374140CC5722AF;
            productType = "com.apple.product-type.bundle.unit-test";
        };
/* End PBXNativeTarget section */

/* Begin PBXContainerItemProxy section */
		3DDD5B037233C8FF518B6F42 = {isa = PBXContainerItemProxy; containerPortal = A00000000000000000000001; proxyType = 1; remoteGlobalIDString = A00000000000000000000005; remoteInfo = v2s; };
/* End PBXContainerItemProxy section */

/* Begin PBXTargetDependency section */
		5C783D31801F55F58B45210D = {isa = PBXTargetDependency; target = A00000000000000000000005; targetProxy = 3DDD5B037233C8FF518B6F42; };
/* End PBXTargetDependency section */

/* Begin PBXProject section */
		A00000000000000000000001 /* Project object */ = {
			isa = PBXProject;
			attributes = {
				BuildIndependentTargetsInParallel = 1;
				LastSwiftUpdateCheck = 2600;
				LastUpgradeCheck = 2600;
				TargetAttributes = {
					A00000000000000000000005 = {
						CreatedOnToolsVersion = 26.3;
					};
				};
			};
			buildConfigurationList = A00000000000000000000004 /* Build configuration list for PBXProject "v2s" */;
			compatibilityVersion = "Xcode 14.0";
			developmentRegion = en;
			hasScannedForEncodings = 0;
			knownRegions = (
				en,
				Base,
			);
			mainGroup = A00000000000000000000002;
			packageReferences = (
				A0000000000000000000007E /* XCRemoteSwiftPackageReference "onnxruntime-swift-package-manager" */,
				A00000000000000000000087 /* XCRemoteSwiftPackageReference "Sparkle" */,
			);
			productRefGroup = A00000000000000000000003 /* Products */;
			projectDirPath = "";
			projectRoot = "";
			targets = (
				8F692FEAE505382C06343536 /* v2sTests */,
				A00000000000000000000005 /* v2s */,
			);
		};
/* End PBXProject section */

/* Begin XCRemoteSwiftPackageReference section */
		A0000000000000000000007E /* XCRemoteSwiftPackageReference "onnxruntime-swift-package-manager" */ = {
			isa = XCRemoteSwiftPackageReference;
			repositoryURL = "https://github.com/microsoft/onnxruntime-swift-package-manager";
			requirement = {
				kind = upToNextMajorVersion;
				minimumVersion = 1.24.0;
			};
		};
		A00000000000000000000087 /* XCRemoteSwiftPackageReference "Sparkle" */ = {
			isa = XCRemoteSwiftPackageReference;
			repositoryURL = "https://github.com/sparkle-project/Sparkle";
			requirement = {
				kind = upToNextMajorVersion;
				minimumVersion = 2.6.0;
			};
		};
/* End XCRemoteSwiftPackageReference section */

/* Begin PBXResourcesBuildPhase section */
		A00000000000000000000009 /* Resources */ = {
			isa = PBXResourcesBuildPhase;
			buildActionMask = 2147483647;
			files = (
				A00000000000000000000062 /* Assets.xcassets in Resources */,
				A00000000000000000000080 /* silero_vad.onnx in Resources */,
			);
			runOnlyForDeploymentPostprocessing = 0;
		};
/* End PBXResourcesBuildPhase section */

/* Begin PBXSourcesBuildPhase section */
		A00000000000000000000007 /* Sources */ = {
			isa = PBXSourcesBuildPhase;
			buildActionMask = 2147483647;
			files = (
				881745A928A12DA2BF5CD902 /* ApplicationProcessAssociation.swift in Sources */,
				6CC7CD8C7A22BAB571C88532 /* ApplicationAudioCapture.swift in Sources */,
				3208EFF3F3042040160D9BD8 /* TranscriptSummarizer.swift in Sources */,
				534AA25808E93EDF243D4A8D /* SourceDraftStore.swift in Sources */,
				802AECB3266DCE2B2E225302 /* ResourcePreparationCoordinator.swift in Sources */,
				0B14875AE1DCF73A401E197A /* AppModel+Resources.swift in Sources */,
				020CD62BB830621AD754EA3D /* TranslationCoordinator.swift in Sources */,
				32D6505E3F4D621671A5AADD /* TranscriptStore.swift in Sources */,
				78CC3080FA114C5E683DFB1A /* SessionLifecycle.swift in Sources */,
				A00000000000000000000071 /* DockVisibilityController.swift in Sources */,
				A00000000000000000000072 /* SessionActionButtonLabel.swift in Sources */,
				A00000000000000000000076 /* AppLocalization.swift in Sources */,
				A00000000000000000000050 /* AppDelegate.swift in Sources */,
				A00000000000000000000051 /* AppModel.swift in Sources */,
				A00000000000000000000052 /* V2SApp.swift in Sources */,
				A00000000000000000000053 /* AppSettings.swift in Sources */,
				A00000000000000000000054 /* InputSource.swift in Sources */,
				A00000000000000000000055 /* LanguageOption.swift in Sources */,
				A00000000000000000000092 /* ModelResource.swift in Sources */,
				A00000000000000000000063 /* ModeConfig.swift in Sources */,
				A00000000000000000000056 /* OverlayPreviewState.swift in Sources */,
				A00000000000000000000057 /* OverlayStyle.swift in Sources */,
				A00000000000000000000064 /* SegmentStateMachine.swift in Sources */,
				A00000000000000000000058 /* SessionState.swift in Sources */,
				A00000000000000000000083 /* SubtitleDisplayMode.swift in Sources */,
				A00000000000000000000065 /* SubtitleSegment.swift in Sources */,
				A00000000000000000000067 /* GlossaryService.swift in Sources */,
				A00000000000000000000090 /* SentenceBoundaryHeuristics.swift in Sources */,
				A00000000000000000000059 /* SettingsStore.swift in Sources */,
				A0000000000000000000007B /* SileroVADEngine.swift in Sources */,
				A0000000000000000000008A /* SileroVADHysteresis.swift in Sources */,
				A0000000000000000000005A /* SourceCatalogService.swift in Sources */,
				A0000000000000000000005B /* OverlayView.swift in Sources */,
				A0000000000000000000005C /* OverlayWindowController.swift in Sources */,
				A0000000000000000000008C /* QuickSettingsControls.swift in Sources */,
				A0000000000000000000005D /* SettingsView.swift in Sources */,
				A0000000000000000000005E /* SettingsWindowController.swift in Sources */,
				A00000000000000000000079 /* TranscriptView.swift in Sources */,
				A0000000000000000000008E /* PopoverOutsideClickMonitor.swift in Sources */,
				A0000000000000000000005F /* StatusBarController.swift in Sources */,
				A00000000000000000000060 /* StatusBarPopoverView.swift in Sources */,
				A00000000000000000000061 /* LiveTranscriptionSession.swift in Sources */,
				A00000000000000000000086 /* UpdaterService.swift in Sources */,
			);
			runOnlyForDeploymentPostprocessing = 0;
		};
		9E6E3BA411CFAF66F6D30BF9 /* Test Sources */ = {isa = PBXSourcesBuildPhase; buildActionMask = 2147483647; files = (34BE774F2EFF7ED8C66797EF, 847E1CDCDA64D5E97FD6162B, A5A5E3166C468D40D0347822, D51BD1F0416E1EF8690B7BF0, 53A7F709474B0B8AE6E7D5BF, A4CFED78C65923BCCA050598, 3CA31561D3DB1951C0CB647B, 1F4848EE79055D008CEB8FBD, 0933B9DD9743AD8D50E7A481, 10029AA0738777CE4DA86E10, A9C62C132123B91BEB05C050, 7650C90A616369E68F223C66, D0B44049055699740E46C0E8, 1D25DE019D62EDBBAE87D6D1,); runOnlyForDeploymentPostprocessing = 0; };
/* End PBXSourcesBuildPhase section */

/* Begin XCBuildConfiguration section */
		A00000000000000000000016 /* Debug */ = {
			isa = XCBuildConfiguration;
			buildSettings = {
				CLANG_ENABLE_MODULES = YES;
				CODE_SIGN_IDENTITY = "-";
				CODE_SIGN_STYLE = Automatic;
				DEVELOPMENT_TEAM = "";
				MACOSX_DEPLOYMENT_TARGET = 15.0;
				ONLY_ACTIVE_ARCH = YES;
				SDKROOT = macosx;
				SWIFT_OPTIMIZATION_LEVEL = "-Onone";
				SWIFT_VERSION = 5.0;
			};
			name = Debug;
		};
		A00000000000000000000017 /* Release */ = {
			isa = XCBuildConfiguration;
			buildSettings = {
				ARCHS = arm64;
				CLANG_ENABLE_MODULES = YES;
				CODE_SIGN_IDENTITY = "-";
				CODE_SIGN_STYLE = Automatic;
				DEVELOPMENT_TEAM = "";
				MACOSX_DEPLOYMENT_TARGET = 15.0;
				SDKROOT = macosx;
				SWIFT_VERSION = 5.0;
			};
			name = Release;
		};
		A00000000000000000000018 /* Debug */ = {
			isa = XCBuildConfiguration;
			buildSettings = {
				ASSETCATALOG_COMPILER_APPICON_NAME = AppIcon;
                ENABLE_TESTABILITY = YES;
				CLANG_ENABLE_MODULES = YES;
				CODE_SIGN_IDENTITY = "-";
				CODE_SIGN_STYLE = Automatic;
				CURRENT_PROJECT_VERSION = 202609081609;
				DEVELOPMENT_TEAM = "";
				GENERATE_INFOPLIST_FILE = NO;
				INFOPLIST_FILE = Config/Info.plist;
				LD_RUNPATH_SEARCH_PATHS = (
					"$(inherited)",
					"@executable_path/../Frameworks",
				);
				MACOSX_DEPLOYMENT_TARGET = 15.0;
				MARKETING_VERSION = 0.3.32;
				ONLY_ACTIVE_ARCH = YES;
				PRODUCT_BUNDLE_IDENTIFIER = com.franklioxygen.v2s;
				PRODUCT_NAME = "$(TARGET_NAME)";
				SDKROOT = macosx;
				SUPPORTED_PLATFORMS = macosx;
				SWIFT_ACTIVE_COMPILATION_CONDITIONS = DEBUG;
				SWIFT_EMIT_LOC_STRINGS = NO;
				SWIFT_OPTIMIZATION_LEVEL = "-Onone";
				SWIFT_VERSION = 5.0;
			};
			name = Debug;
		};
		A00000000000000000000019 /* Release */ = {
			isa = XCBuildConfiguration;
			buildSettings = {
				ASSETCATALOG_COMPILER_APPICON_NAME = AppIcon;
				CLANG_ENABLE_MODULES = YES;
				CODE_SIGN_IDENTITY = "-";
				CODE_SIGN_STYLE = Automatic;
				CURRENT_PROJECT_VERSION = 202609081609;
				DEVELOPMENT_TEAM = "";
				GENERATE_INFOPLIST_FILE = NO;
				INFOPLIST_FILE = Config/Info.plist;
				LD_RUNPATH_SEARCH_PATHS = (
					"$(inherited)",
					"@executable_path/../Frameworks",
				);
				MACOSX_DEPLOYMENT_TARGET = 15.0;
				MARKETING_VERSION = 0.3.32;
				PRODUCT_BUNDLE_IDENTIFIER = com.franklioxygen.v2s;
				PRODUCT_NAME = "$(TARGET_NAME)";
				SDKROOT = macosx;
				SUPPORTED_PLATFORMS = macosx;
				SWIFT_EMIT_LOC_STRINGS = NO;
				SWIFT_OPTIMIZATION_LEVEL = "-O";
				SWIFT_VERSION = 5.0;
			};
			name = Release;
		};
        828AEBABC8025B3D7E107855 /* Test Debug */ = {
            isa = XCBuildConfiguration;
            buildSettings = {
                BUNDLE_LOADER = "$(TEST_HOST)";
                OTHER_SWIFT_FLAGS = ("$(inherited)", "-Xcc", "-fmodule-map-file=$(OBJROOT)/GeneratedModuleMaps/OnnxRuntimeBindings.modulemap",);
                TEST_HOST = "$(BUILT_PRODUCTS_DIR)/v2s.app/Contents/MacOS/v2s";
                GENERATE_INFOPLIST_FILE = YES;
                PRODUCT_BUNDLE_IDENTIFIER = com.franklioxygen.v2s.tests;
                PRODUCT_NAME = "$(TARGET_NAME)";
                MACOSX_DEPLOYMENT_TARGET = 15.0;
                CODE_SIGN_IDENTITY = "-";
                SWIFT_VERSION = 5.0;
                SWIFT_OPTIMIZATION_LEVEL = "-Onone";
                LD_RUNPATH_SEARCH_PATHS = ("$(inherited)", "@loader_path/../../../../Frameworks", "@executable_path/../Frameworks",);
            };
            name = Debug;
        };
        1ACDEB66FED18AF37783D8D8 /* Test Release */ = {
            isa = XCBuildConfiguration;
            buildSettings = {
                BUNDLE_LOADER = "$(TEST_HOST)";
                OTHER_SWIFT_FLAGS = ("$(inherited)", "-Xcc", "-fmodule-map-file=$(OBJROOT)/GeneratedModuleMaps/OnnxRuntimeBindings.modulemap",);
                TEST_HOST = "$(BUILT_PRODUCTS_DIR)/v2s.app/Contents/MacOS/v2s";
                GENERATE_INFOPLIST_FILE = YES;
                PRODUCT_BUNDLE_IDENTIFIER = com.franklioxygen.v2s.tests;
                PRODUCT_NAME = "$(TARGET_NAME)";
                MACOSX_DEPLOYMENT_TARGET = 15.0;
                CODE_SIGN_IDENTITY = "-";
                SWIFT_VERSION = 5.0;
                SWIFT_OPTIMIZATION_LEVEL = "-Onone";
                LD_RUNPATH_SEARCH_PATHS = ("$(inherited)", "@loader_path/../../../../Frameworks", "@executable_path/../Frameworks",);
            };
            name = Release;
        };
/* End XCBuildConfiguration section */

/* Begin XCConfigurationList section */
		A00000000000000000000004 /* Build configuration list for PBXProject "v2s" */ = {
			isa = XCConfigurationList;
			buildConfigurations = (
				A00000000000000000000016 /* Debug */,
				A00000000000000000000017 /* Release */,
			);
			defaultConfigurationIsVisible = 0;
			defaultConfigurationName = Release;
		};
		A00000000000000000000006 /* Build configuration list for PBXNativeTarget "v2s" */ = {
			isa = XCConfigurationList;
			buildConfigurations = (
				A00000000000000000000018 /* Debug */,
				A00000000000000000000019 /* Release */,
			);
			defaultConfigurationIsVisible = 0;
			defaultConfigurationName = Release;
		};
		9A84A9316A004D649446029E = {isa = XCConfigurationList; buildConfigurations = (828AEBABC8025B3D7E107855, 1ACDEB66FED18AF37783D8D8,); defaultConfigurationIsVisible = 0; defaultConfigurationName = Release; };
/* End XCConfigurationList section */

/* Begin XCSwiftPackageProductDependency section */
		A0000000000000000000007F /* onnxruntime */ = {
			isa = XCSwiftPackageProductDependency;
			package = A0000000000000000000007E /* XCRemoteSwiftPackageReference "onnxruntime-swift-package-manager" */;
			productName = onnxruntime;
		};
		A00000000000000000000088 /* Sparkle */ = {
			isa = XCSwiftPackageProductDependency;
			package = A00000000000000000000087 /* XCRemoteSwiftPackageReference "Sparkle" */;
			productName = Sparkle;
		};
/* End XCSwiftPackageProductDependency section */
	};
	rootObject = A00000000000000000000001 /* Project object */;
}
